
Microsoft Visual Studio Solution File, Format Version 12.00
# Visual Studio Version 16
VisualStudioVersion = 16.0.29519.181
MinimumVisualStudioVersion = 10.0.40219.1
Project("{FAE04EC0-301F-11D3-BF4B-00C04F79EFBC}") = "MVCDemo", "MVCDemo\MVCDemo.csproj", "{B3B3ECF7-2038-4DBE-86D8-80DA35788D77}"
EndProject
Global
	GlobalSection(SolutionConfigurationPlatforms) = preSolution
		Debug|Any CPU = Debug|Any CPU
		Release|Any CPU = Release|Any CPU
	EndGlobalSection
	GlobalSection(ProjectConfigurationPlatforms) = postSolution
		{B3B3ECF7-2038-4DBE-86D8-80DA35788D77}.Debug|Any CPU.ActiveCfg = Debug|Any CPU
		{B3B3ECF7-2038-4DBE-86D8-80DA35788D77}.Debug|Any CPU.Build.0 = Debug|Any CPU
		{B3B3ECF7-2038-4DBE-86D8-80DA35788D77}.Release|Any CPU.ActiveCfg = Release|Any CPU
		{B3B3ECF7-2038-4DBE-86D8-80DA35788D77}.Release|Any CPU.Build.0 = Release|Any CPU
	EndGlobalSection
	GlobalSection(SolutionProperties) = preSolution
		HideSolutionNode = FALSE
	EndGlobalSection
	GlobalSection(ExtensibilityGlobals) = postSolution
		SolutionGuid = {E266154C-FE22-4EC6-83CE-EAED25230A33}
	EndGlobalSection
EndGlobal
